
Microsoft Visual Studio Solution File, Format Version 12.00
# Visual Studio Version 16
VisualStudioVersion = 16.0.31729.503
MinimumVisualStudioVersion = 10.0.40219.1
Project("{8BC9CEB8-8B4A-11D0-8D11-00A0C91BC942}") = "stdf_ctype", "stdf_ctype.vcxproj", "{87958697-0C90-4E2E-BD19-97EF5B984AA4}"
EndProject
Global
	GlobalSection(SolutionConfigurationPlatforms) = preSolution
		Debug|x64 = Debug|x64
		Debug|x86 = Debug|x86
		Release|x64 = Release|x64
		Release|x86 = Release|x86
	EndGlobalSection
	GlobalSection(ProjectConfigurationPlatforms) = postSolution
		{87958697-0C90-4E2E-BD19-97EF5B984AA4}.Debug|x64.ActiveCfg = Debug|x64
		{87958697-0C90-4E2E-BD19-97EF5B984AA4}.Debug|x64.Build.0 = Debug|x64
		{87958697-0C90-4E2E-BD19-97EF5B984AA4}.Debug|x86.ActiveCfg = Debug|Win32
		{87958697-0C90-4E2E-BD19-97EF5B984AA4}.Debug|x86.Build.0 = Debug|Win32
		{87958697-0C90-4E2E-BD19-97EF5B984AA4}.Release|x64.ActiveCfg = Release|x64
		{87958697-0C90-4E2E-BD19-97EF5B984AA4}.Release|x64.Build.0 = Release|x64
		{87958697-0C90-4E2E-BD19-97EF5B984AA4}.Release|x86.ActiveCfg = Release|Win32
		{87958697-0C90-4E2E-BD19-97EF5B984AA4}.Release|x86.Build.0 = Release|Win32
	EndGlobalSection
	GlobalSection(SolutionProperties) = preSolution
		HideSolutionNode = FALSE
	EndGlobalSection
	GlobalSection(ExtensibilityGlobals) = postSolution
		SolutionGuid = {32E50578-5A86-4419-B6C0-1A874CB83198}
	EndGlobalSection
EndGlobal
